
Microsoft Visual Studio Solution File, Format Version 12.00
# Visual Studio 15
VisualStudioVersion = 15.0.26730.16
MinimumVisualStudioVersion = 10.0.40219.1
Project("{FAE04EC0-301F-11D3-BF4B-00C04F79EFBC}") = "Contactos3.Android", "Contactos3\Contactos3.Android\Contactos3.Android.csproj", "{16F5D70A-8D6C-41E3-8C82-DFD9B104D16A}"
EndProject
Project("{FAE04EC0-301F-11D3-BF4B-00C04F79EFBC}") = "Contactos3", "Contactos3\Contactos3\Contactos3.csproj", "{64A4CAF2-1E2E-474F-9E94-D9E8E34BC135}"
EndProject
Project("{FAE04EC0-301F-11D3-BF4B-00C04F79EFBC}") = "Contactos3.iOS", "Contactos3\Contactos3.iOS\Contactos3.iOS.csproj", "{827068F3-EC5C-4BBB-99C1-E0EC29C2EF87}"
EndProject
Project("{FAE04EC0-301F-11D3-BF4B-00C04F79EFBC}") = "Contactos3.Domain", "Contactos3.Domain\Contactos3.Domain.csproj", "{B7E483B5-926D-4D61-A1F0-F903379B8E1C}"
EndProject
Project("{FAE04EC0-301F-11D3-BF4B-00C04F79EFBC}") = "Contactos3.Backend", "Contactos3.Backend\Contactos3.Backend.csproj", "{ED21061B-7A97-4A86-BDF8-2177275465E6}"
EndProject
Project("{FAE04EC0-301F-11D3-BF4B-00C04F79EFBC}") = "Contactos3.API", "Contactos3.API\Contactos3.API.csproj", "{CEE56479-B7FB-4633-BC13-0B24B332E59E}"
EndProject
Global
	GlobalSection(SolutionConfigurationPlatforms) = preSolution
		Ad-Hoc|Any CPU = Ad-Hoc|Any CPU
		Ad-Hoc|iPhone = Ad-Hoc|iPhone
		Ad-Hoc|iPhoneSimulator = Ad-Hoc|iPhoneSimulator
		AppStore|Any CPU = AppStore|Any CPU
		AppStore|iPhone = AppStore|iPhone
		AppStore|iPhoneSimulator = AppStore|iPhoneSimulator
		Debug|Any CPU = Debug|Any CPU
		Debug|iPhone = Debug|iPhone
		Debug|iPhoneSimulator = Debug|iPhoneSimulator
		Release|Any CPU = Release|Any CPU
		Release|iPhone = Release|iPhone
		Release|iPhoneSimulator = Release|iPhoneSimulator
	EndGlobalSection
	GlobalSection(ProjectConfigurationPlatforms) = postSolution
		{16F5D70A-8D6C-41E3-8C82-DFD9B104D16A}.Ad-Hoc|Any CPU.ActiveCfg = Release|Any CPU
		{16F5D70A-8D6C-41E3-8C82-DFD9B104D16A}.Ad-Hoc|Any CPU.Build.0 = Release|Any CPU
		{16F5D70A-8D6C-41E3-8C82-DFD9B104D16A}.Ad-Hoc|Any CPU.Deploy.0 = Release|Any CPU
		{16F5D70A-8D6C-41E3-8C82-DFD9B104D16A}.Ad-Hoc|iPhone.ActiveCfg = Release|Any CPU
		{16F5D70A-8D6C-41E3-8C82-DFD9B104D16A}.Ad-Hoc|iPhone.Build.0 = Release|Any CPU
		{16F5D70A-8D6C-41E3-8C82-DFD9B104D16A}.Ad-Hoc|iPhone.Deploy.0 = Release|Any CPU
		{16F5D70A-8D6C-41E3-8C82-DFD9B104D16A}.Ad-Hoc|iPhoneSimulator.ActiveCfg = Release|Any CPU
		{16F5D70A-8D6C-41E3-8C82-DFD9B104D16A}.Ad-Hoc|iPhoneSimulator.Build.0 = Release|Any CPU
		{16F5D70A-8D6C-41E3-8C82-DFD9B104D16A}.Ad-Hoc|iPhoneSimulator.Deploy.0 = Release|Any CPU
		{16F5D70A-8D6C-41E3-8C82-DFD9B104D16A}.AppStore|Any CPU.ActiveCfg = Release|Any CPU
		{16F5D70A-8D6C-41E3-8C82-DFD9B104D16A}.AppStore|Any CPU.Build.0 = Release|Any CPU
		{16F5D70A-8D6C-41E3-8C82-DFD9B104D16A}.AppStore|Any CPU.Deploy.0 = Release|Any CPU
		{16F5D70A-8D6C-41E3-8C82-DFD9B104D16A}.AppStore|iPhone.ActiveCfg = Release|Any CPU
		{16F5D70A-8D6C-41E3-8C82-DFD9B104D16A}.AppStore|iPhone.Build.0 = Release|Any CPU
		{16F5D70A-8D6C-41E3-8C82-DFD9B104D16A}.AppStore|iPhone.Deploy.0 = Release|Any CPU
		{16F5D70A-8D6C-41E3-8C82-DFD9B104D16A}.AppStore|iPhoneSimulator.ActiveCfg = Release|Any CPU
		{16F5D70A-8D6C-41E3-8C82-DFD9B104D16A}.AppStore|iPhoneSimulator.Build.0 = Release|Any CPU
		{16F5D70A-8D6C-41E3-8C82-DFD9B104D16A}.AppStore|iPhoneSimulator.Deploy.0 = Release|Any CPU
		{16F5D70A-8D6C-41E3-8C82-DFD9B104D16A}.Debug|Any CPU.ActiveCfg = Debug|Any CPU
		{16F5D70A-8D6C-41E3-8C82-DFD9B104D16A}.Debug|Any CPU.Build.0 = Debug|Any CPU
		{16F5D70A-8D6C-41E3-8C82-DFD9B104D16A}.Debug|Any CPU.Deploy.0 = Debug|Any CPU
		{16F5D70A-8D6C-41E3-8C82-DFD9B104D16A}.Debug|iPhone.ActiveCfg = Debug|Any CPU
		{16F5D70A-8D6C-41E3-8C82-DFD9B104D16A}.Debug|iPhone.Build.0 = Debug|Any CPU
		{16F5D70A-8D6C-41E3-8C82-DFD9B104D16A}.Debug|iPhone.Deploy.0 = Debug|Any CPU
		{16F5D70A-8D6C-41E3-8C82-DFD9B104D16A}.Debug|iPhoneSimulator.ActiveCfg = Debug|Any CPU
		{16F5D70A-8D6C-41E3-8C82-DFD9B104D16A}.Debug|iPhoneSimulator.Build.0 = Debug|Any CPU
		{16F5D70A-8D6C-41E3-8C82-DFD9B104D16A}.Debug|iPhoneSimulator.Deploy.0 = Debug|Any CPU
		{16F5D70A-8D6C-41E3-8C82-DFD9B104D16A}.Release|Any CPU.ActiveCfg = Release|Any CPU
		{16F5D70A-8D6C-41E3-8C82-DFD9B104D16A}.Release|Any CPU.Build.0 = Release|Any CPU
		{16F5D70A-8D6C-41E3-8C82-DFD9B104D16A}.Release|Any CPU.Deploy.0 = Release|Any CPU
		{16F5D70A-8D6C-41E3-8C82-DFD9B104D16A}.Release|iPhone.ActiveCfg = Release|Any CPU
		{16F5D70A-8D6C-41E3-8C82-DFD9B104D16A}.Release|iPhone.Build.0 = Release|Any CPU
		{16F5D70A-8D6C-41E3-8C82-DFD9B104D16A}.Release|iPhone.Deploy.0 = Release|Any CPU
		{16F5D70A-8D6C-41E3-8C82-DFD9B104D16A}.Release|iPhoneSimulator.ActiveCfg = Release|Any CPU
		{16F5D70A-8D6C-41E3-8C82-DFD9B104D16A}.Release|iPhoneSimulator.Build.0 = Release|Any CPU
		{16F5D70A-8D6C-41E3-8C82-DFD9B104D16A}.Release|iPhoneSimulator.Deploy.0 = Release|Any CPU
		{64A4CAF2-1E2E-474F-9E94-D9E8E34BC135}.Ad-Hoc|Any CPU.ActiveCfg = Release|Any CPU
		{64A4CAF2-1E2E-474F-9E94-D9E8E34BC135}.Ad-Hoc|Any CPU.Build.0 = Release|Any CPU
		{64A4CAF2-1E2E-474F-9E94-D9E8E34BC135}.Ad-Hoc|iPhone.ActiveCfg = Release|Any CPU
		{64A4CAF2-1E2E-474F-9E94-D9E8E34BC135}.Ad-Hoc|iPhone.Build.0 = Release|Any CPU
		{64A4CAF2-1E2E-474F-9E94-D9E8E34BC135}.Ad-Hoc|iPhoneSimulator.ActiveCfg = Release|Any CPU
		{64A4CAF2-1E2E-474F-9E94-D9E8E34BC135}.Ad-Hoc|iPhoneSimulator.Build.0 = Release|Any CPU
		{64A4CAF2-1E2E-474F-9E94-D9E8E34BC135}.AppStore|Any CPU.ActiveCfg = Release|Any CPU
		{64A4CAF2-1E2E-474F-9E94-D9E8E34BC135}.AppStore|Any CPU.Build.0 = Release|Any CPU
		{64A4CAF2-1E2E-474F-9E94-D9E8E34BC135}.AppStore|iPhone.ActiveCfg = Release|Any CPU
		{64A4CAF2-1E2E-474F-9E94-D9E8E34BC135}.AppStore|iPhone.Build.0 = Release|Any CPU
		{64A4CAF2-1E2E-474F-9E94-D9E8E34BC135}.AppStore|iPhoneSimulator.ActiveCfg = Release|Any CPU
		{64A4CAF2-1E2E-474F-9E94-D9E8E34BC135}.AppStore|iPhoneSimulator.Build.0 = Release|Any CPU
		{64A4CAF2-1E2E-474F-9E94-D9E8E34BC135}.Debug|Any CPU.ActiveCfg = Debug|Any CPU
		{64A4CAF2-1E2E-474F-9E94-D9E8E34BC135}.Debug|Any CPU.Build.0 = Debug|Any CPU
		{64A4CAF2-1E2E-474F-9E94-D9E8E34BC135}.Debug|iPhone.ActiveCfg = Debug|Any CPU
		{64A4CAF2-1E2E-474F-9E94-D9E8E34BC135}.Debug|iPhone.Build.0 = Debug|Any CPU
		{64A4CAF2-1E2E-474F-9E94-D9E8E34BC135}.Debug|iPhoneSimulator.ActiveCfg = Debug|Any CPU
		{64A4CAF2-1E2E-474F-9E94-D9E8E34BC135}.Debug|iPhoneSimulator.Build.0 = Debug|Any CPU
		{64A4CAF2-1E2E-474F-9E94-D9E8E34BC135}.Release|Any CPU.ActiveCfg = Release|Any CPU
		{64A4CAF2-1E2E-474F-9E94-D9E8E34BC135}.Release|Any CPU.Build.0 = Release|Any CPU
		{64A4CAF2-1E2E-474F-9E94-D9E8E34BC135}.Release|iPhone.ActiveCfg = Release|Any CPU
		{64A4CAF2-1E2E-474F-9E94-D9E8E34BC135}.Release|iPhone.Build.0 = Release|Any CPU
		{64A4CAF2-1E2E-474F-9E94-D9E8E34BC135}.Release|iPhoneSimulator.ActiveCfg = Release|Any CPU
		{64A4CAF2-1E2E-474F-9E94-D9E8E34BC135}.Release|iPhoneSimulator.Build.0 = Release|Any CPU
		{827068F3-EC5C-4BBB-99C1-E0EC29C2EF87}.Ad-Hoc|Any CPU.ActiveCfg = Ad-Hoc|iPhone
		{827068F3-EC5C-4BBB-99C1-E0EC29C2EF87}.Ad-Hoc|iPhone.ActiveCfg = Ad-Hoc|iPhone
		{827068F3-EC5C-4BBB-99C1-E0EC29C2EF87}.Ad-Hoc|iPhone.Build.0 = Ad-Hoc|iPhone
		{827068F3-EC5C-4BBB-99C1-E0EC29C2EF87}.Ad-Hoc|iPhoneSimulator.ActiveCfg = Ad-Hoc|iPhoneSimulator
		{827068F3-EC5C-4BBB-99C1-E0EC29C2EF87}.Ad-Hoc|iPhoneSimulator.Build.0 = Ad-Hoc|iPhoneSimulator
		{827068F3-EC5C-4BBB-99C1-E0EC29C2EF87}.AppStore|Any CPU.ActiveCfg = AppStore|iPhone
		{827068F3-EC5C-4BBB-99C1-E0EC29C2EF87}.AppStore|iPhone.ActiveCfg = AppStore|iPhone
		{827068F3-EC5C-4BBB-99C1-E0EC29C2EF87}.AppStore|iPhone.Build.0 = AppStore|iPhone
		{827068F3-EC5C-4BBB-99C1-E0EC29C2EF87}.AppStore|iPhoneSimulator.ActiveCfg = AppStore|iPhoneSimulator
		{827068F3-EC5C-4BBB-99C1-E0EC29C2EF87}.AppStore|iPhoneSimulator.Build.0 = AppStore|iPhoneSimulator
		{827068F3-EC5C-4BBB-99C1-E0EC29C2EF87}.Debug|Any CPU.ActiveCfg = Debug|iPhone
		{827068F3-EC5C-4BBB-99C1-E0EC29C2EF87}.Debug|iPhone.ActiveCfg = Debug|iPhone
		{827068F3-EC5C-4BBB-99C1-E0EC29C2EF87}.Debug|iPhone.Build.0 = Debug|iPhone
		{827068F3-EC5C-4BBB-99C1-E0EC29C2EF87}.Debug|iPhoneSimulator.ActiveCfg = Debug|iPhoneSimulator
		{827068F3-EC5C-4BBB-99C1-E0EC29C2EF87}.Debug|iPhoneSimulator.Build.0 = Debug|iPhoneSimulator
		{827068F3-EC5C-4BBB-99C1-E0EC29C2EF87}.Release|Any CPU.ActiveCfg = Release|iPhone
		{827068F3-EC5C-4BBB-99C1-E0EC29C2EF87}.Release|iPhone.ActiveCfg = Release|iPhone
		{827068F3-EC5C-4BBB-99C1-E0EC29C2EF87}.Release|iPhone.Build.0 = Release|iPhone
		{827068F3-EC5C-4BBB-99C1-E0EC29C2EF87}.Release|iPhoneSimulator.ActiveCfg = Release|iPhoneSimulator
		{827068F3-EC5C-4BBB-99C1-E0EC29C2EF87}.Release|iPhoneSimulator.Build.0 = Release|iPhoneSimulator
		{B7E483B5-926D-4D61-A1F0-F903379B8E1C}.Ad-Hoc|Any CPU.ActiveCfg = Release|Any CPU
		{B7E483B5-926D-4D61-A1F0-F903379B8E1C}.Ad-Hoc|Any CPU.Build.0 = Release|Any CPU
		{B7E483B5-926D-4D61-A1F0-F903379B8E1C}.Ad-Hoc|iPhone.ActiveCfg = Release|Any CPU
		{B7E483B5-926D-4D61-A1F0-F903379B8E1C}.Ad-Hoc|iPhone.Build.0 = Release|Any CPU
		{B7E483B5-926D-4D61-A1F0-F903379B8E1C}.Ad-Hoc|iPhoneSimulator.ActiveCfg = Release|Any CPU
		{B7E483B5-926D-4D61-A1F0-F903379B8E1C}.Ad-Hoc|iPhoneSimulator.Build.0 = Release|Any CPU
		{B7E483B5-926D-4D61-A1F0-F903379B8E1C}.AppStore|Any CPU.ActiveCfg = Release|Any CPU
		{B7E483B5-926D-4D61-A1F0-F903379B8E1C}.AppStore|Any CPU.Build.0 = Release|Any CPU
		{B7E483B5-926D-4D61-A1F0-F903379B8E1C}.AppStore|iPhone.ActiveCfg = Release|Any CPU
		{B7E483B5-926D-4D61-A1F0-F903379B8E1C}.AppStore|iPhone.Build.0 = Release|Any CPU
		{B7E483B5-926D-4D61-A1F0-F903379B8E1C}.AppStore|iPhoneSimulator.ActiveCfg = Release|Any CPU
		{B7E483B5-926D-4D61-A1F0-F903379B8E1C}.AppStore|iPhoneSimulator.Build.0 = Release|Any CPU
		{B7E483B5-926D-4D61-A1F0-F903379B8E1C}.Debug|Any CPU.ActiveCfg = Debug|Any CPU
		{B7E483B5-926D-4D61-A1F0-F903379B8E1C}.Debug|Any CPU.Build.0 = Debug|Any CPU
		{B7E483B5-926D-4D61-A1F0-F903379B8E1C}.Debug|iPhone.ActiveCfg = Debug|Any CPU
		{B7E483B5-926D-4D61-A1F0-F903379B8E1C}.Debug|iPhone.Build.0 = Debug|Any CPU
		{B7E483B5-926D-4D61-A1F0-F903379B8E1C}.Debug|iPhoneSimulator.ActiveCfg = Debug|Any CPU
		{B7E483B5-926D-4D61-A1F0-F903379B8E1C}.Debug|iPhoneSimulator.Build.0 = Debug|Any CPU
		{B7E483B5-926D-4D61-A1F0-F903379B8E1C}.Release|Any CPU.ActiveCfg = Release|Any CPU
		{B7E483B5-926D-4D61-A1F0-F903379B8E1C}.Release|Any CPU.Build.0 = Release|Any CPU
		{B7E483B5-926D-4D61-A1F0-F903379B8E1C}.Release|iPhone.ActiveCfg = Release|Any CPU
		{B7E483B5-926D-4D61-A1F0-F903379B8E1C}.Release|iPhone.Build.0 = Release|Any CPU
		{B7E483B5-926D-4D61-A1F0-F903379B8E1C}.Release|iPhoneSimulator.ActiveCfg = Release|Any CPU
		{B7E483B5-926D-4D61-A1F0-F903379B8E1C}.Release|iPhoneSimulator.Build.0 = Release|Any CPU
		{ED21061B-7A97-4A86-BDF8-2177275465E6}.Ad-Hoc|Any CPU.ActiveCfg = Release|Any CPU
		{ED21061B-7A97-4A86-BDF8-2177275465E6}.Ad-Hoc|Any CPU.Build.0 = Release|Any CPU
		{ED21061B-7A97-4A86-BDF8-2177275465E6}.Ad-Hoc|iPhone.ActiveCfg = Release|Any CPU
		{ED21061B-7A97-4A86-BDF8-2177275465E6}.Ad-Hoc|iPhone.Build.0 = Release|Any CPU
		{ED21061B-7A97-4A86-BDF8-2177275465E6}.Ad-Hoc|iPhoneSimulator.ActiveCfg = Release|Any CPU
		{ED21061B-7A97-4A86-BDF8-2177275465E6}.Ad-Hoc|iPhoneSimulator.Build.0 = Release|Any CPU
		{ED21061B-7A97-4A86-BDF8-2177275465E6}.AppStore|Any CPU.ActiveCfg = Release|Any CPU
		{ED21061B-7A97-4A86-BDF8-2177275465E6}.AppStore|Any CPU.Build.0 = Release|Any CPU
		{ED21061B-7A97-4A86-BDF8-2177275465E6}.AppStore|iPhone.ActiveCfg = Release|Any CPU
		{ED21061B-7A97-4A86-BDF8-2177275465E6}.AppStore|iPhone.Build.0 = Release|Any CPU
		{ED21061B-7A97-4A86-BDF8-2177275465E6}.AppStore|iPhoneSimulator.ActiveCfg = Release|Any CPU
		{ED21061B-7A97-4A86-BDF8-2177275465E6}.AppStore|iPhoneSimulator.Build.0 = Release|Any CPU
		{ED21061B-7A97-4A86-BDF8-2177275465E6}.Debug|Any CPU.ActiveCfg = Debug|Any CPU
		{ED21061B-7A97-4A86-BDF8-2177275465E6}.Debug|Any CPU.Build.0 = Debug|Any CPU
		{ED21061B-7A97-4A86-BDF8-2177275465E6}.Debug|iPhone.ActiveCfg = Debug|Any CPU
		{ED21061B-7A97-4A86-BDF8-2177275465E6}.Debug|iPhone.Build.0 = Debug|Any CPU
		{ED21061B-7A97-4A86-BDF8-2177275465E6}.Debug|iPhoneSimulator.ActiveCfg = Debug|Any CPU
		{ED21061B-7A97-4A86-BDF8-2177275465E6}.Debug|iPhoneSimulator.Build.0 = Debug|Any CPU
		{ED21061B-7A97-4A86-BDF8-2177275465E6}.Release|Any CPU.ActiveCfg = Release|Any CPU
		{ED21061B-7A97-4A86-BDF8-2177275465E6}.Release|Any CPU.Build.0 = Release|Any CPU
		{ED21061B-7A97-4A86-BDF8-2177275465E6}.Release|iPhone.ActiveCfg = Release|Any CPU
		{ED21061B-7A97-4A86-BDF8-2177275465E6}.Release|iPhone.Build.0 = Release|Any CPU
		{ED21061B-7A97-4A86-BDF8-2177275465E6}.Release|iPhoneSimulator.ActiveCfg = Release|Any CPU
		{ED21061B-7A97-4A86-BDF8-2177275465E6}.Release|iPhoneSimulator.Build.0 = Release|Any CPU
		{CEE56479-B7FB-4633-BC13-0B24B332E59E}.Ad-Hoc|Any CPU.ActiveCfg = Release|Any CPU
		{CEE56479-B7FB-4633-BC13-0B24B332E59E}.Ad-Hoc|Any CPU.Build.0 = Release|Any CPU
		{CEE56479-B7FB-4633-BC13-0B24B332E59E}.Ad-Hoc|iPhone.ActiveCfg = Release|Any CPU
		{CEE56479-B7FB-4633-BC13-0B24B332E59E}.Ad-Hoc|iPhone.Build.0 = Release|Any CPU
		{CEE56479-B7FB-4633-BC13-0B24B332E59E}.Ad-Hoc|iPhoneSimulator.ActiveCfg = Release|Any CPU
		{CEE56479-B7FB-4633-BC13-0B24B332E59E}.Ad-Hoc|iPhoneSimulator.Build.0 = Release|Any CPU
		{CEE56479-B7FB-4633-BC13-0B24B332E59E}.AppStore|Any CPU.ActiveCfg = Release|Any CPU
		{CEE56479-B7FB-4633-BC13-0B24B332E59E}.AppStore|Any CPU.Build.0 = Release|Any CPU
		{CEE56479-B7FB-4633-BC13-0B24B332E59E}.AppStore|iPhone.ActiveCfg = Release|Any CPU
		{CEE56479-B7FB-4633-BC13-0B24B332E59E}.AppStore|iPhone.Build.0 = Release|Any CPU
		{CEE56479-B7FB-4633-BC13-0B24B332E59E}.AppStore|iPhoneSimulator.ActiveCfg = Release|Any CPU
		{CEE56479-B7FB-4633-BC13-0B24B332E59E}.AppStore|iPhoneSimulator.Build.0 = Release|Any CPU
		{CEE56479-B7FB-4633-BC13-0B24B332E59E}.Debug|Any CPU.ActiveCfg = Debug|Any CPU
		{CEE56479-B7FB-4633-BC13-0B24B332E59E}.Debug|Any CPU.Build.0 = Debug|Any CPU
		{CEE56479-B7FB-4633-BC13-0B24B332E59E}.Debug|iPhone.ActiveCfg = Debug|Any CPU
		{CEE56479-B7FB-4633-BC13-0B24B332E59E}.Debug|iPhone.Build.0 = Debug|Any CPU
		{CEE56479-B7FB-4633-BC13-0B24B332E59E}.Debug|iPhoneSimulator.ActiveCfg = Debug|Any CPU
		{CEE56479-B7FB-4633-BC13-0B24B332E59E}.Debug|iPhoneSimulator.Build.0 = Debug|Any CPU
		{CEE56479-B7FB-4633-BC13-0B24B332E59E}.Release|Any CPU.ActiveCfg = Release|Any CPU
		{CEE56479-B7FB-4633-BC13-0B24B332E59E}.Release|Any CPU.Build.0 = Release|Any CPU
		{CEE56479-B7FB-4633-BC13-0B24B332E59E}.Release|iPhone.ActiveCfg = Release|Any CPU
		{CEE56479-B7FB-4633-BC13-0B24B332E59E}.Release|iPhone.Build.0 = Release|Any CPU
		{CEE56479-B7FB-4633-BC13-0B24B332E59E}.Release|iPhoneSimulator.ActiveCfg = Release|Any CPU
		{CEE56479-B7FB-4633-BC13-0B24B332E59E}.Release|iPhoneSimulator.Build.0 = Release|Any CPU
	EndGlobalSection
	GlobalSection(SolutionProperties) = preSolution
		HideSolutionNode = FALSE
	EndGlobalSection
	GlobalSection(ExtensibilityGlobals) = postSolution
		SolutionGuid = {F0B33070-6C53-475E-A85D-CAF4806432C4}
	EndGlobalSection
EndGlobal
